
Microsoft Visual Studio Solution File, Format Version 12.00
# Visual Studio Version 17
VisualStudioVersion = 17.3.32929.385
MinimumVisualStudioVersion = 10.0.40219.1
Project("{FAE04EC0-301F-11D3-BF4B-00C04F79EFBC}") = "Source", "Source\Source.csproj", "{1C88FEE1-96B9-4A97-A6C5-57B5B8AA7719}"
EndProject
Global
	GlobalSection(SolutionConfigurationPlatforms) = preSolution
		Debug|Any CPU = Debug|Any CPU
		Release|Any CPU = Release|Any CPU
	EndGlobalSection
	GlobalSection(ProjectConfigurationPlatforms) = postSolution
		{1C88FEE1-96B9-4A97-A6C5-57B5B8AA7719}.Debug|Any CPU.ActiveCfg = Debug|Any CPU
		{1C88FEE1-96B9-4A97-A6C5-57B5B8AA7719}.Debug|Any CPU.Build.0 = Debug|Any CPU
		{1C88FEE1-96B9-4A97-A6C5-57B5B8AA7719}.Release|Any CPU.ActiveCfg = Release|Any CPU
		{1C88FEE1-96B9-4A97-A6C5-57B5B8AA7719}.Release|Any CPU.Build.0 = Release|Any CPU
	EndGlobalSection
	GlobalSection(SolutionProperties) = preSolution
		HideSolutionNode = FALSE
	EndGlobalSection
	GlobalSection(ExtensibilityGlobals) = postSolution
		SolutionGuid = {62C914B6-471C-4292-9C3F-BB19A65A5B7A}
	EndGlobalSection
EndGlobal
